
Microsoft Visual Studio Solution File, Format Version 12.00
# Visual Studio Version 16
VisualStudioVersion = 16.0.31624.102
MinimumVisualStudioVersion = 10.0.40219.1
Project("{FAE04EC0-301F-11D3-BF4B-00C04F79EFBC}") = "Atividade21-10-01_Forms", "Atividade21-10-01_Forms.csproj", "{2AF89903-9109-408C-8365-E0CF91F89E96}"
EndProject
Global
	GlobalSection(SolutionConfigurationPlatforms) = preSolution
		Debug|Any CPU = Debug|Any CPU
		Release|Any CPU = Release|Any CPU
	EndGlobalSection
	GlobalSection(ProjectConfigurationPlatforms) = postSolution
		{2AF89903-9109-408C-8365-E0CF91F89E96}.Debug|Any CPU.ActiveCfg = Debug|Any CPU
		{2AF89903-9109-408C-8365-E0CF91F89E96}.Debug|Any CPU.Build.0 = Debug|Any CPU
		{2AF89903-9109-408C-8365-E0CF91F89E96}.Release|Any CPU.ActiveCfg = Release|Any CPU
		{2AF89903-9109-408C-8365-E0CF91F89E96}.Release|Any CPU.Build.0 = Release|Any CPU
	EndGlobalSection
	GlobalSection(SolutionProperties) = preSolution
		HideSolutionNode = FALSE
	EndGlobalSection
	GlobalSection(ExtensibilityGlobals) = postSolution
		SolutionGuid = {091121CE-F6B8-4E53-B111-AD12FA699F6D}
	EndGlobalSection
EndGlobal
